
Microsoft Visual Studio Solution File, Format Version 12.00
# Visual Studio 14
VisualStudioVersion = 14.0.22823.1
MinimumVisualStudioVersion = 10.0.40219.1
Project("{FAE04EC0-301F-11D3-BF4B-00C04F79EFBC}") = "HavaCDep.Website", "HavaCDep.Website\HavaCDep.Website.csproj", "{5863C917-5144-4535-8132-C716739F13F1}"
EndProject
Project("{FAE04EC0-301F-11D3-BF4B-00C04F79EFBC}") = "HavaCDep.Website.Tests", "HavaCDep.Website.Tests\HavaCDep.Website.Tests.csproj", "{EFDC60F6-F7EC-4E3D-A285-D89C4ABBF5FC}"
EndProject
Global
	GlobalSection(SolutionConfigurationPlatforms) = preSolution
		Debug|Any CPU = Debug|Any CPU
		Release|Any CPU = Release|Any CPU
	EndGlobalSection
	GlobalSection(ProjectConfigurationPlatforms) = postSolution
		{5863C917-5144-4535-8132-C716739F13F1}.Debug|Any CPU.ActiveCfg = Debug|Any CPU
		{5863C917-5144-4535-8132-C716739F13F1}.Debug|Any CPU.Build.0 = Debug|Any CPU
		{5863C917-5144-4535-8132-C716739F13F1}.Release|Any CPU.ActiveCfg = Release|Any CPU
		{5863C917-5144-4535-8132-C716739F13F1}.Release|Any CPU.Build.0 = Release|Any CPU
		{EFDC60F6-F7EC-4E3D-A285-D89C4ABBF5FC}.Debug|Any CPU.ActiveCfg = Debug|Any CPU
		{EFDC60F6-F7EC-4E3D-A285-D89C4ABBF5FC}.Debug|Any CPU.Build.0 = Debug|Any CPU
		{EFDC60F6-F7EC-4E3D-A285-D89C4ABBF5FC}.Release|Any CPU.ActiveCfg = Release|Any CPU
		{EFDC60F6-F7EC-4E3D-A285-D89C4ABBF5FC}.Release|Any CPU.Build.0 = Release|Any CPU
	EndGlobalSection
	GlobalSection(SolutionProperties) = preSolution
		HideSolutionNode = FALSE
	EndGlobalSection
EndGlobal
